
Microsoft Visual Studio Solution File, Format Version 12.00
# Visual Studio Version 16
VisualStudioVersion = 16.0.28803.156
MinimumVisualStudioVersion = 10.0.40219.1
Project("{8BC9CEB8-8B4A-11D0-8D11-00A0C91BC942}") = "LiveProject", "LiveProject\LiveProject.vcxproj", "{D63C3D03-EC69-4826-B3A6-5B73AE6742D5}"
EndProject
Project("{8BC9CEB8-8B4A-11D0-8D11-00A0C91BC942}") = "LiveIn", "LiveIn\LiveIn.vcxproj", "{F9B5BF69-0F63-4E05-9339-C83BB55AB0D0}"
EndProject
Project("{8BC9CEB8-8B4A-11D0-8D11-00A0C91BC942}") = "LiveWallpaperCore", "LiveWallpaperCore\LiveWallpaperCore.vcxproj", "{3EBCB30C-35F4-4F21-B5C4-9BA623673FF4}"
EndProject
Project("{8BC9CEB8-8B4A-11D0-8D11-00A0C91BC942}") = "LiveReStart", "LiveReStart\LiveReStart.vcxproj", "{1E5D991E-D5AD-4223-AF52-324E882A6BA6}"
EndProject
Project("{8BC9CEB8-8B4A-11D0-8D11-00A0C91BC942}") = "LiveGraphicsCore", "LiveGraphicsCore\LiveGraphicsCore.vcxproj", "{6A42DFFC-FA91-4590-8422-007E03DA8CF3}"
EndProject
Global
	GlobalSection(SolutionConfigurationPlatforms) = preSolution
		Debug|x64 = Debug|x64
		Debug|x86 = Debug|x86
		Release|x64 = Release|x64
		Release|x86 = Release|x86
	EndGlobalSection
	GlobalSection(ProjectConfigurationPlatforms) = postSolution
		{D63C3D03-EC69-4826-B3A6-5B73AE6742D5}.Debug|x64.ActiveCfg = Debug|x64
		{D63C3D03-EC69-4826-B3A6-5B73AE6742D5}.Debug|x64.Build.0 = Debug|x64
		{D63C3D03-EC69-4826-B3A6-5B73AE6742D5}.Debug|x86.ActiveCfg = Debug|Win32
		{D63C3D03-EC69-4826-B3A6-5B73AE6742D5}.Debug|x86.Build.0 = Debug|Win32
		{D63C3D03-EC69-4826-B3A6-5B73AE6742D5}.Release|x64.ActiveCfg = Release|x64
		{D63C3D03-EC69-4826-B3A6-5B73AE6742D5}.Release|x64.Build.0 = Release|x64
		{D63C3D03-EC69-4826-B3A6-5B73AE6742D5}.Release|x86.ActiveCfg = Release|Win32
		{D63C3D03-EC69-4826-B3A6-5B73AE6742D5}.Release|x86.Build.0 = Release|Win32
		{F9B5BF69-0F63-4E05-9339-C83BB55AB0D0}.Debug|x64.ActiveCfg = Debug|x64
		{F9B5BF69-0F63-4E05-9339-C83BB55AB0D0}.Debug|x64.Build.0 = Debug|x64
		{F9B5BF69-0F63-4E05-9339-C83BB55AB0D0}.Debug|x86.ActiveCfg = Debug|Win32
		{F9B5BF69-0F63-4E05-9339-C83BB55AB0D0}.Debug|x86.Build.0 = Debug|Win32
		{F9B5BF69-0F63-4E05-9339-C83BB55AB0D0}.Release|x64.ActiveCfg = Release|x64
		{F9B5BF69-0F63-4E05-9339-C83BB55AB0D0}.Release|x64.Build.0 = Release|x64
		{F9B5BF69-0F63-4E05-9339-C83BB55AB0D0}.Release|x86.ActiveCfg = Release|Win32
		{F9B5BF69-0F63-4E05-9339-C83BB55AB0D0}.Release|x86.Build.0 = Release|Win32
		{3EBCB30C-35F4-4F21-B5C4-9BA623673FF4}.Debug|x64.ActiveCfg = Debug|x64
		{3EBCB30C-35F4-4F21-B5C4-9BA623673FF4}.Debug|x64.Build.0 = Debug|x64
		{3EBCB30C-35F4-4F21-B5C4-9BA623673FF4}.Debug|x86.ActiveCfg = Debug|Win32
		{3EBCB30C-35F4-4F21-B5C4-9BA623673FF4}.Debug|x86.Build.0 = Debug|Win32
		{3EBCB30C-35F4-4F21-B5C4-9BA623673FF4}.Release|x64.ActiveCfg = Release|x64
		{3EBCB30C-35F4-4F21-B5C4-9BA623673FF4}.Release|x64.Build.0 = Release|x64
		{3EBCB30C-35F4-4F21-B5C4-9BA623673FF4}.Release|x86.ActiveCfg = Release|Win32
		{3EBCB30C-35F4-4F21-B5C4-9BA623673FF4}.Release|x86.Build.0 = Release|Win32
		{1E5D991E-D5AD-4223-AF52-324E882A6BA6}.Debug|x64.ActiveCfg = Debug|x64
		{1E5D991E-D5AD-4223-AF52-324E882A6BA6}.Debug|x64.Build.0 = Debug|x64
		{1E5D991E-D5AD-4223-AF52-324E882A6BA6}.Debug|x86.ActiveCfg = Debug|Win32
		{1E5D991E-D5AD-4223-AF52-324E882A6BA6}.Debug|x86.Build.0 = Debug|Win32
		{1E5D991E-D5AD-4223-AF52-324E882A6BA6}.Release|x64.ActiveCfg = Release|x64
		{1E5D991E-D5AD-4223-AF52-324E882A6BA6}.Release|x64.Build.0 = Release|x64
		{1E5D991E-D5AD-4223-AF52-324E882A6BA6}.Release|x86.ActiveCfg = Release|Win32
		{1E5D991E-D5AD-4223-AF52-324E882A6BA6}.Release|x86.Build.0 = Release|Win32
		{6A42DFFC-FA91-4590-8422-007E03DA8CF3}.Debug|x64.ActiveCfg = Debug|x64
		{6A42DFFC-FA91-4590-8422-007E03DA8CF3}.Debug|x64.Build.0 = Debug|x64
		{6A42DFFC-FA91-4590-8422-007E03DA8CF3}.Debug|x86.ActiveCfg = Debug|Win32
		{6A42DFFC-FA91-4590-8422-007E03DA8CF3}.Debug|x86.Build.0 = Debug|Win32
		{6A42DFFC-FA91-4590-8422-007E03DA8CF3}.Release|x64.ActiveCfg = Release|x64
		{6A42DFFC-FA91-4590-8422-007E03DA8CF3}.Release|x64.Build.0 = Release|x64
		{6A42DFFC-FA91-4590-8422-007E03DA8CF3}.Release|x86.ActiveCfg = Release|Win32
		{6A42DFFC-FA91-4590-8422-007E03DA8CF3}.Release|x86.Build.0 = Release|Win32
	EndGlobalSection
	GlobalSection(SolutionProperties) = preSolution
		HideSolutionNode = FALSE
	EndGlobalSection
	GlobalSection(ExtensibilityGlobals) = postSolution
		SolutionGuid = {345E9CAA-1EE5-41D6-9191-1984313142F6}
	EndGlobalSection
EndGlobal
